{
  "pins" : [
    {
      "identity" : "alamofire",
      "kind" : "remoteSourceControl",
      "location" : "https://github.com/Alamofire/Alamofire",
      "state" : {
        "branch" : "master",
        "revision" : "8dd85aee02e39dd280c75eef88ffdb86eed4b07b"
      }
    },
    {
      "identity" : "nvactivityindicatorview",
      "kind" : "remoteSourceControl",
      "location" : "https://github.com/ninjaprox/NVActivityIndicatorView",
      "state" : {
        "revision" : "4a4726d15367d82bd3e9e1f01625bd76dbbb0c98",
        "version" : "4.8.0"
      }
    },
    {
      "identity" : "reachability.swift",
      "kind" : "remoteSourceControl",
      "location" : "https://github.com/ashleymills/Reachability.swift",
      "state" : {
        "branch" : "master",
        "revision" : "a81b7367f2c46875f29577e03a60c39cdfad0c8d"
      }
    },
    {
      "identity" : "sdwebimage",
      "kind" : "remoteSourceControl",
      "location" : "https://github.com/SDWebImage/SDWebImage.git",
      "state" : {
        "branch" : "master",
        "revision" : "3e48cb68d8e668d146dc59c73fb98cb628616236"
      }
    },
    {
      "identity" : "swiftmessages",
      "kind" : "remoteSourceControl",
      "location" : "https://github.com/SwiftKickMobile/SwiftMessages",
      "state" : {
        "revision" : "b29dd21090b708aa0ae9ecbaf6e2d0487028dc3f",
        "version" : "9.0.6"
      }
    }
  ],
  "version" : 2
}
